// !$*UTF8*$!
{
	archiveVersion = 1;
	classes = {
	};
	objectVersion = 56;
	objects = {

/* Begin PBXBuildFile section */
		02B80F0D2CFC75C700051B10 /* SocketApp.swift in Sources */ = {isa = PBXBuildFile; fileRef = 02B80F0C2CFC75C700051B10 /* SocketApp.swift */; };
		02B80F0F2CFC75C700051B10 /* ContentView.swift in Sources */ = {isa = PBXBuildFile; fileRef = 02B80F0E2CFC75C700051B10 /* ContentView.swift */; };
		02B80F112CFC75CB00051B10 /* Assets.xcassets in Resources */ = {isa = PBXBuildFile; fileRef = 02B80F102CFC75CB00051B10 /* Assets.xcassets */; };
		02B80F142CFC75CB00051B10 /* Preview Assets.xcassets in Resources */ = {isa = PBXBuildFile; fileRef = 02B80F132CFC75CB00051B10 /* Preview Assets.xcassets */; };
		02B80F1E2CFC75CB00051B10 /* SocketTests.swift in Sources */ = {isa = PBXBuildFile; fileRef = 02B80F1D2CFC75CB00051B10 /* SocketTests.swift */; };
		02B80F282CFC75CB00051B10 /* SocketUITests.swift in Sources */ = {isa = PBXBuildFile; fileRef = 02B80F272CFC75CB00051B10 /* SocketUITests.swift */; };
		02B80F2A2CFC75CB00051B10 /* SocketUITestsLaunchTests.swift in Sources */ = {isa = PBXBuildFile; fileRef = 02B80F292CFC75CB00051B10 /* SocketUITestsLaunchTests.swift */; };
		02B80F382CFC76C200051B10 /* SocketIO in Frameworks */ = {isa = PBXBuildFile; productRef = 02B80F372CFC76C200051B10 /* SocketIO */; };
/* End PBXBuildFile section */

/* Begin PBXContainerItemProxy section */
		02B80F1A2CFC75CB00051B10 /* PBXContainerItemProxy */ = {
			isa = PBXContainerItemProxy;
			containerPortal = 02B80F012CFC75C700051B10 /* Project object */;
			proxyType = 1;
			remoteGlobalIDString = 02B80F082CFC75C700051B10;
			remoteInfo = Socket;
		};
		02B80F242CFC75CB00051B10 /* PBXContainerItemProxy */ = {
			isa = PBXContainerItemProxy;
			containerPortal = 02B80F012CFC75C700051B10 /* Project object */;
			proxyType = 1;
			remoteGlobalIDString = 02B80F082CFC75C700051B10;
			remoteInfo = Socket;
		};
/* End PBXContainerItemProxy section */

/* Begin PBXFileReference section */
		02B80F092CFC75C700051B10 /* Socket.app */ = {isa = PBXFileReference; explicitFileType = wrapper.application; includeInIndex = 0; path = Socket.app; sourceTree = BUILT_PRODUCTS_DIR; };
		02B80F0C2CFC75C700051B10 /* SocketApp.swift */ = {isa = PBXFileReference; lastKnownFileType = sourcecode.swift; path = SocketApp.swift; sourceTree = "<group>"; };
		02B80F0E2CFC75C700051B10 /* ContentView.swift */ = {isa = PBXFileReference; lastKnownFileType = sourcecode.swift; path = ContentView.swift; sourceTree = "<group>"; };
		02B80F102CFC75CB00051B10 /* Assets.xcassets */ = {isa = PBXFileReference; lastKnownFileType = folder.assetcatalog; path = Assets.xcassets; sourceTree = "<group>"; };
		02B80F132CFC75CB00051B10 /* Preview Assets.xcassets */ = {isa = PBXFileReference; lastKnownFileType = folder.assetcatalog; path = "Preview Assets.xcassets"; sourceTree = "<group>"; };
		02B80F192CFC75CB00051B10 /* SocketTests.xctest */ = {isa = PBXFileReference; explicitFileType = wrapper.cfbundle; includeInIndex = 0; path = SocketTests.xctest; sourceTree = BUILT_PRODUCTS_DIR; };
		02B80F1D2CFC75CB00051B10 /* SocketTests.swift */ = {isa = PBXFileReference; lastKnownFileType = sourcecode.swift; path = SocketTests.swift; sourceTree = "<group>"; };
		02B80F232CFC75CB00051B10 /* SocketUITests.xctest */ = {isa = PBXFileReference; explicitFileType = wrapper.cfbundle; includeInIndex = 0; path = SocketUITests.xctest; sourceTree = BUILT_PRODUCTS_DIR; };
		02B80F272CFC75CB00051B10 /* SocketUITests.swift */ = {isa = PBXFileReference; lastKnownFileType = sourcecode.swift; path = SocketUITests.swift; sourceTree = "<group>"; };
		02B80F292CFC75CB00051B10 /* SocketUITestsLaunchTests.swift */ = {isa = PBXFileReference; lastKnownFileType = sourcecode.swift; path = SocketUITestsLaunchTests.swift; sourceTree = "<group>"; };
/* End PBXFileReference section */

/* Begin PBXFrameworksBuildPhase section */
		02B80F062CFC75C700051B10 /* Frameworks */ = {
			isa = PBXFrameworksBuildPhase;
			buildActionMask = 2147483647;
			files = (
				02B80F382CFC76C200051B10 /* SocketIO in Frameworks */,
			);
			runOnlyForDeploymentPostprocessing = 0;
		};
		02B80F162CFC75CB00051B10 /* Frameworks */ = {
			isa = PBXFrameworksBuildPhase;
			buildActionMask = 2147483647;
			files = (
			);
			runOnlyForDeploymentPostprocessing = 0;
		};
		02B80F202CFC75CB00051B10 /* Frameworks */ = {
			isa = PBXFrameworksBuildPhase;
			buildActionMask = 2147483647;
			files = (
			);
			runOnlyForDeploymentPostprocessing = 0;
		};
/* End PBXFrameworksBuildPhase section */

/* Begin PBXGroup section */
		02B80F002CFC75C700051B10 = {
			isa = PBXGroup;
			children = (
				02B80F0B2CFC75C700051B10 /* Socket */,
				02B80F1C2CFC75CB00051B10 /* SocketTests */,
				02B80F262CFC75CB00051B10 /* SocketUITests */,
				02B80F0A2CFC75C700051B10 /* Products */,
			);
			sourceTree = "<group>";
		};
		02B80F0A2CFC75C700051B10 /* Products */ = {
			isa = PBXGroup;
			children = (
				02B80F092CFC75C700051B10 /* Socket.app */,
				02B80F192CFC75CB00051B10 /* SocketTests.xctest */,
				02B80F232CFC75CB00051B10 /* SocketUITests.xctest */,
			);
			name = Products;
			sourceTree = "<group>";
		};
		02B80F0B2CFC75C700051B10 /* Socket */ = {
			isa = PBXGroup;
			children = (
				02B80F0C2CFC75C700051B10 /* SocketApp.swift */,
				02B80F0E2CFC75C700051B10 /* ContentView.swift */,
				02B80F102CFC75CB00051B10 /* Assets.xcassets */,
				02B80F122CFC75CB00051B10 /* Preview Content */,
			);
			path = Socket;
			sourceTree = "<group>";
		};
		02B80F122CFC75CB00051B10 /* Preview Content */ = {
			isa = PBXGroup;
			children = (
				02B80F132CFC75CB00051B10 /* Preview Assets.xcassets */,
			);
			path = "Preview Content";
			sourceTree = "<group>";
		};
		02B80F1C2CFC75CB00051B10 /* SocketTests */ = {
			isa = PBXGroup;
			children = (
				02B80F1D2CFC75CB00051B10 /* SocketTests.swift */,
			);
			path = SocketTests;
			sourceTree = "<group>";
		};
		02B80F262CFC75CB00051B10 /* SocketUITests */ = {
			isa = PBXGroup;
			children = (
				02B80F272CFC75CB00051B10 /* SocketUITests.swift */,
				02B80F292CFC75CB00051B10 /* SocketUITestsLaunchTests.swift */,
			);
			path = SocketUITests;
			sourceTree = "<group>";
		};
/* End PBXGroup section */

/* Begin PBXNativeTarget section */
		02B80F082CFC75C700051B10 /* Socket */ = {
			isa = PBXNativeTarget;
			buildConfigurationList = 02B80F2D2CFC75CB00051B10 /* Build configuration list for PBXNativeTarget "Socket" */;
			buildPhases = (
				02B80F052CFC75C700051B10 /* Sources */,
				02B80F062CFC75C700051B10 /* Frameworks */,
				02B80F072CFC75C700051B10 /* Resources */,
			);
			buildRules = (
			);
			dependencies = (
			);
			name = Socket;
			packageProductDependencies = (
				02B80F372CFC76C200051B10 /* SocketIO */,
			);
			productName = Socket;
			productReference = 02B80F092CFC75C700051B10 /* Socket.app */;
			productType = "com.apple.product-type.application";
		};
		02B80F182CFC75CB00051B10 /* SocketTests */ = {
			isa = PBXNativeTarget;
			buildConfigurationList = 02B80F302CFC75CB00051B10 /* Build configuration list for PBXNativeTarget "SocketTests" */;
			buildPhases = (
				02B80F152CFC75CB00051B10 /* Sources */,
				02B80F162CFC75CB00051B10 /* Frameworks */,
				02B80F172CFC75CB00051B10 /* Resources */,
			);
			buildRules = (
			);
			dependencies = (
				02B80F1B2CFC75CB00051B10 /* PBXTargetDependency */,
			);
			name = SocketTests;
			productName = SocketTests;
			productReference = 02B80F192CFC75CB00051B10 /* SocketTests.xctest */;
			productType = "com.apple.product-type.bundle.unit-test";
		};
		02B80F222CFC75CB00051B10 /* SocketUITests */ = {
			isa = PBXNativeTarget;
			buildConfigurationList = 02B80F332CFC75CB00051B10 /* Build configuration list for PBXNativeTarget "SocketUITests" */;
			buildPhases = (
				02B80F1F2CFC75CB00051B10 /* Sources */,
				02B80F202CFC75CB00051B10 /* Frameworks */,
				02B80F212CFC75CB00051B10 /* Resources */,
			);
			buildRules = (
			);
			dependencies = (
				02B80F252CFC75CB00051B10 /* PBXTargetDependency */,
			);
			name = SocketUITests;
			productName = SocketUITests;
			productReference = 02B80F232CFC75CB00051B10 /* SocketUITests.xctest */;
			productType = "com.apple.product-type.bundle.ui-testing";
		};
/* End PBXNativeTarget section */

/* Begin PBXProject section */
		02B80F012CFC75C700051B10 /* Project object */ = {
			isa = PBXProject;
			attributes = {
				BuildIndependentTargetsInParallel = 1;
				LastSwiftUpdateCheck = 1520;
				LastUpgradeCheck = 1520;
				TargetAttributes = {
					02B80F082CFC75C700051B10 = {
						CreatedOnToolsVersion = 15.2;
					};
					02B80F182CFC75CB00051B10 = {
						CreatedOnToolsVersion = 15.2;
						TestTargetID = 02B80F082CFC75C700051B10;
					};
					02B80F222CFC75CB00051B10 = {
						CreatedOnToolsVersion = 15.2;
						TestTargetID = 02B80F082CFC75C700051B10;
					};
				};
			};
			buildConfigurationList = 02B80F042CFC75C700051B10 /* Build configuration list for PBXProject "Socket" */;
			compatibilityVersion = "Xcode 14.0";
			developmentRegion = en;
			hasScannedForEncodings = 0;
			knownRegions = (
				en,
				Base,
			);
			mainGroup = 02B80F002CFC75C700051B10;
			packageReferences = (
				02B80F362CFC76C200051B10 /* XCRemoteSwiftPackageReference "socket.io-client-swift" */,
			);
			productRefGroup = 02B80F0A2CFC75C700051B10 /* Products */;
			projectDirPath = "";
			projectRoot = "";
			targets = (
				02B80F082CFC75C700051B10 /* Socket */,
				02B80F182CFC75CB00051B10 /* SocketTests */,
				02B80F222CFC75CB00051B10 /* SocketUITests */,
			);
		};
/* End PBXProject section */

/* Begin PBXResourcesBuildPhase section */
		02B80F072CFC75C700051B10 /* Resources */ = {
			isa = PBXResourcesBuildPhase;
			buildActionMask = 2147483647;
			files = (
				02B80F142CFC75CB00051B10 /* Preview Assets.xcassets in Resources */,
				02B80F112CFC75CB00051B10 /* Assets.xcassets in Resources */,
			);
			runOnlyForDeploymentPostprocessing = 0;
		};
		02B80F172CFC75CB00051B10 /* Resources */ = {
			isa = PBXResourcesBuildPhase;
			buildActionMask = 2147483647;
			files = (
			);
			runOnlyForDeploymentPostprocessing = 0;
		};
		02B80F212CFC75CB00051B10 /* Resources */ = {
			isa = PBXResourcesBuildPhase;
			buildActionMask = 2147483647;
			files = (
			);
			runOnlyForDeploymentPostprocessing = 0;
		};
/* End PBXResourcesBuildPhase section */

/* Begin PBXSourcesBuildPhase section */
		02B80F052CFC75C700051B10 /* Sources */ = {
			isa = PBXSourcesBuildPhase;
			buildActionMask = 2147483647;
			files = (
				02B80F0F2CFC75C700051B10 /* ContentView.swift in Sources */,
				02B80F0D2CFC75C700051B10 /* SocketApp.swift in Sources */,
			);
			runOnlyForDeploymentPostprocessing = 0;
		};
		02B80F152CFC75CB00051B10 /* Sources */ = {
			isa = PBXSourcesBuildPhase;
			buildActionMask = 2147483647;
			files = (
				02B80F1E2CFC75CB00051B10 /* SocketTests.swift in Sources */,
			);
			runOnlyForDeploymentPostprocessing = 0;
		};
		02B80F1F2CFC75CB00051B10 /* Sources */ = {
			isa = PBXSourcesBuildPhase;
			buildActionMask = 2147483647;
			files = (
				02B80F282CFC75CB00051B10 /* SocketUITests.swift in Sources */,
				02B80F2A2CFC75CB00051B10 /* SocketUITestsLaunchTests.swift in Sources */,
			);
			runOnlyForDeploymentPostprocessing = 0;
		};
/* End PBXSourcesBuildPhase section */

/* Begin PBXTargetDependency section */
		02B80F1B2CFC75CB00051B10 /* PBXTargetDependency */ = {
			isa = PBXTargetDependency;
			target = 02B80F082CFC75C700051B10 /* Socket */;
			targetProxy = 02B80F1A2CFC75CB00051B10 /* PBXContainerItemProxy */;
		};
		02B80F252CFC75CB00051B10 /* PBXTargetDependency */ = {
			isa = PBXTargetDependency;
			target = 02B80F082CFC75C700051B10 /* Socket */;
			targetProxy = 02B80F242CFC75CB00051B10 /* PBXContainerItemProxy */;
		};
/* End PBXTargetDependency section */

/* Begin XCBuildConfiguration section */
		02B80F2B2CFC75CB00051B10 /* Debug */ = {
			isa = XCBuildConfiguration;
			buildSettings = {
				ALWAYS_SEARCH_USER_PATHS = NO;
				ASSETCATALOG_COMPILER_GENERATE_SWIFT_ASSET_SYMBOL_EXTENSIONS = YES;
				CLANG_ANALYZER_NONNULL = YES;
				CLANG_ANALYZER_NUMBER_OBJECT_CONVERSION = YES_AGGRESSIVE;
				CLANG_CXX_LANGUAGE_STANDARD = "gnu++20";
				CLANG_ENABLE_MODULES = YES;
				CLANG_ENABLE_OBJC_ARC = YES;
				CLANG_ENABLE_OBJC_WEAK = YES;
				CLANG_WARN_BLOCK_CAPTURE_AUTORELEASING = YES;
				CLANG_WARN_BOOL_CONVERSION = YES;
				CLANG_WARN_COMMA = YES;
				CLANG_WARN_CONSTANT_CONVERSION = YES;
				CLANG_WARN_DEPRECATED_OBJC_IMPLEMENTATIONS = YES;
				CLANG_WARN_DIRECT_OBJC_ISA_USAGE = YES_ERROR;
				CLANG_WARN_DOCUMENTATION_COMMENTS = YES;
				CLANG_WARN_EMPTY_BODY = YES;
				CLANG_WARN_ENUM_CONVERSION = YES;
				CLANG_WARN_INFINITE_RECURSION = YES;
				CLANG_WARN_INT_CONVERSION = YES;
				CLANG_WARN_NON_LITERAL_NULL_CONVERSION = YES;
				CLANG_WARN_OBJC_IMPLICIT_RETAIN_SELF = YES;
				CLANG_WARN_OBJC_LITERAL_CONVERSION = YES;
				CLANG_WARN_OBJC_ROOT_CLASS = YES_ERROR;
				CLANG_WARN_QUOTED_INCLUDE_IN_FRAMEWORK_HEADER = YES;
				CLANG_WARN_RANGE_LOOP_ANALYSIS = YES;
				CLANG_WARN_STRICT_PROTOTYPES = YES;
				CLANG_WARN_SUSPICIOUS_MOVE = YES;
				CLANG_WARN_UNGUARDED_AVAILABILITY = YES_AGGRESSIVE;
				CLANG_WARN_UNREACHABLE_CODE = YES;
				CLANG_WARN__DUPLICATE_METHOD_MATCH = YES;
				COPY_PHASE_STRIP = NO;
				DEBUG_INFORMATION_FORMAT = dwarf;
				ENABLE_STRICT_OBJC_MSGSEND = YES;
				ENABLE_TESTABILITY = YES;
				ENABLE_USER_SCRIPT_SANDBOXING = YES;
				GCC_C_LANGUAGE_STANDARD = gnu17;
				GCC_DYNAMIC_NO_PIC = NO;
				GCC_NO_COMMON_BLOCKS = YES;
				GCC_OPTIMIZATION_LEVEL = 0;
				GCC_PREPROCESSOR_DEFINITIONS = (
					"DEBUG=1",
					"$(inherited)",
				);
				GCC_WARN_64_TO_32_BIT_CONVERSION = YES;
				GCC_WARN_ABOUT_RETURN_TYPE = YES_ERROR;
				GCC_WARN_UNDECLARED_SELECTOR = YES;
				GCC_WARN_UNINITIALIZED_AUTOS = YES_AGGRESSIVE;
				GCC_WARN_UNUSED_FUNCTION = YES;
				GCC_WARN_UNUSED_VARIABLE = YES;
				IPHONEOS_DEPLOYMENT_TARGET = 17.2;
				LOCALIZATION_PREFERS_STRING_CATALOGS = YES;
				MTL_ENABLE_DEBUG_INFO = INCLUDE_SOURCE;
				MTL_FAST_MATH = YES;
				ONLY_ACTIVE_ARCH = YES;
				SDKROOT = iphoneos;
				SWIFT_ACTIVE_COMPILATION_CONDITIONS = "DEBUG $(inherited)";
				SWIFT_OPTIMIZATION_LEVEL = "-Onone";
			};
			name = Debug;
		};
		02B80F2C2CFC75CB00051B10 /* Release */ = {
			isa = XCBuildConfiguration;
			buildSettings = {
				ALWAYS_SEARCH_USER_PATHS = NO;
				ASSETCATALOG_COMPILER_GENERATE_SWIFT_ASSET_SYMBOL_EXTENSIONS = YES;
				CLANG_ANALYZER_NONNULL = YES;
				CLANG_ANALYZER_NUMBER_OBJECT_CONVERSION = YES_AGGRESSIVE;
				CLANG_CXX_LANGUAGE_STANDARD = "gnu++20";
				CLANG_ENABLE_MODULES = YES;
				CLANG_ENABLE_OBJC_ARC = YES;
				CLANG_ENABLE_OBJC_WEAK = YES;
				CLANG_WARN_BLOCK_CAPTURE_AUTORELEASING = YES;
				CLANG_WARN_BOOL_CONVERSION = YES;
				CLANG_WARN_COMMA = YES;
				CLANG_WARN_CONSTANT_CONVERSION = YES;
				CLANG_WARN_DEPRECATED_OBJC_IMPLEMENTATIONS = YES;
				CLANG_WARN_DIRECT_OBJC_ISA_USAGE = YES_ERROR;
				CLANG_WARN_DOCUMENTATION_COMMENTS = YES;
				CLANG_WARN_EMPTY_BODY = YES;
				CLANG_WARN_ENUM_CONVERSION = YES;
				CLANG_WARN_INFINITE_RECURSION = YES;
				CLANG_WARN_INT_CONVERSION = YES;
				CLANG_WARN_NON_LITERAL_NULL_CONVERSION = YES;
				CLANG_WARN_OBJC_IMPLICIT_RETAIN_SELF = YES;
				CLANG_WARN_OBJC_LITERAL_CONVERSION = YES;
				CLANG_WARN_OBJC_ROOT_CLASS = YES_ERROR;
				CLANG_WARN_QUOTED_INCLUDE_IN_FRAMEWORK_HEADER = YES;
				CLANG_WARN_RANGE_LOOP_ANALYSIS = YES;
				CLANG_WARN_STRICT_PROTOTYPES = YES;
				CLANG_WARN_SUSPICIOUS_MOVE = YES;
				CLANG_WARN_UNGUARDED_AVAILABILITY = YES_AGGRESSIVE;
				CLANG_WARN_UNREACHABLE_CODE = YES;
				CLANG_WARN__DUPLICATE_METHOD_MATCH = YES;
				COPY_PHASE_STRIP = NO;
				DEBUG_INFORMATION_FORMAT = "dwarf-with-dsym";
				ENABLE_NS_ASSERTIONS = NO;
				ENABLE_STRICT_OBJC_MSGSEND = YES;
				ENABLE_USER_SCRIPT_SANDBOXING = YES;
				GCC_C_LANGUAGE_STANDARD = gnu17;
				GCC_NO_COMMON_BLOCKS = YES;
				GCC_WARN_64_TO_32_BIT_CONVERSION = YES;
				GCC_WARN_ABOUT_RETURN_TYPE = YES_ERROR;
				GCC_WARN_UNDECLARED_SELECTOR = YES;
				GCC_WARN_UNINITIALIZED_AUTOS = YES_AGGRESSIVE;
				GCC_WARN_UNUSED_FUNCTION = YES;
				GCC_WARN_UNUSED_VARIABLE = YES;
				IPHONEOS_DEPLOYMENT_TARGET = 17.2;
				LOCALIZATION_PREFERS_STRING_CATALOGS = YES;
				MTL_ENABLE_DEBUG_INFO = NO;
				MTL_FAST_MATH = YES;
				SDKROOT = iphoneos;
				SWIFT_COMPILATION_MODE = wholemodule;
				VALIDATE_PRODUCT = YES;
			};
			name = Release;
		};
		02B80F2E2CFC75CB00051B10 /* Debug */ = {
			isa = XCBuildConfiguration;
			buildSettings = {
				ASSETCATALOG_COMPILER_APPICON_NAME = AppIcon;
				ASSETCATALOG_COMPILER_GLOBAL_ACCENT_COLOR_NAME = AccentColor;
				CODE_SIGN_STYLE = Automatic;
				CURRENT_PROJECT_VERSION = 1;
				DEVELOPMENT_ASSET_PATHS = "\"Socket/Preview Content\"";
				ENABLE_PREVIEWS = YES;
				GENERATE_INFOPLIST_FILE = YES;
				INFOPLIST_KEY_UIApplicationSceneManifest_Generation = YES;
				INFOPLIST_KEY_UIApplicationSupportsIndirectInputEvents = YES;
				INFOPLIST_KEY_UILaunchScreen_Generation = YES;
				INFOPLIST_KEY_UISupportedInterfaceOrientations_iPad = "UIInterfaceOrientationPortrait UIInterfaceOrientationPortraitUpsideDown UIInterfaceOrientationLandscapeLeft UIInterfaceOrientationLandscapeRight";
				INFOPLIST_KEY_UISupportedInterfaceOrientations_iPhone = "UIInterfaceOrientationPortrait UIInterfaceOrientationLandscapeLeft UIInterfaceOrientationLandscapeRight";
				LD_RUNPATH_SEARCH_PATHS = (
					"$(inherited)",
					"@executable_path/Frameworks",
				);
				MARKETING_VERSION = 1.0;
				PRODUCT_BUNDLE_IDENTIFIER = kr.co.chacha.Socket;
				PRODUCT_NAME = "$(TARGET_NAME)";
				SWIFT_EMIT_LOC_STRINGS = YES;
				SWIFT_VERSION = 5.0;
				TARGETED_DEVICE_FAMILY = "1,2";
			};
			name = Debug;
		};
		02B80F2F2CFC75CB00051B10 /* Release */ = {
			isa = XCBuildConfiguration;
			buildSettings = {
				ASSETCATALOG_COMPILER_APPICON_NAME = AppIcon;
				ASSETCATALOG_COMPILER_GLOBAL_ACCENT_COLOR_NAME = AccentColor;
				CODE_SIGN_STYLE = Automatic;
				CURRENT_PROJECT_VERSION = 1;
				DEVELOPMENT_ASSET_PATHS = "\"Socket/Preview Content\"";
				ENABLE_PREVIEWS = YES;
				GENERATE_INFOPLIST_FILE = YES;
				INFOPLIST_KEY_UIApplicationSceneManifest_Generation = YES;
				INFOPLIST_KEY_UIApplicationSupportsIndirectInputEvents = YES;
				INFOPLIST_KEY_UILaunchScreen_Generation = YES;
				INFOPLIST_KEY_UISupportedInterfaceOrientations_iPad = "UIInterfaceOrientationPortrait UIInterfaceOrientationPortraitUpsideDown UIInterfaceOrientationLandscapeLeft UIInterfaceOrientationLandscapeRight";
				INFOPLIST_KEY_UISupportedInterfaceOrientations_iPhone = "UIInterfaceOrientationPortrait UIInterfaceOrientationLandscapeLeft UIInterfaceOrientationLandscapeRight";
				LD_RUNPATH_SEARCH_PATHS = (
					"$(inherited)",
					"@executable_path/Frameworks",
				);
				MARKETING_VERSION = 1.0;
				PRODUCT_BUNDLE_IDENTIFIER = kr.co.chacha.Socket;
				PRODUCT_NAME = "$(TARGET_NAME)";
				SWIFT_EMIT_LOC_STRINGS = YES;
				SWIFT_VERSION = 5.0;
				TARGETED_DEVICE_FAMILY = "1,2";
			};
			name = Release;
		};
		02B80F312CFC75CB00051B10 /* Debug */ = {
			isa = XCBuildConfiguration;
			buildSettings = {
				ALWAYS_EMBED_SWIFT_STANDARD_LIBRARIES = YES;
				BUNDLE_LOADER = "$(TEST_HOST)";
				CODE_SIGN_STYLE = Automatic;
				CURRENT_PROJECT_VERSION = 1;
				GENERATE_INFOPLIST_FILE = YES;
				IPHONEOS_DEPLOYMENT_TARGET = 17.2;
				MARKETING_VERSION = 1.0;
				PRODUCT_BUNDLE_IDENTIFIER = kr.co.chacha.SocketTests;
				PRODUCT_NAME = "$(TARGET_NAME)";
				SWIFT_EMIT_LOC_STRINGS = NO;
				SWIFT_VERSION = 5.0;
				TARGETED_DEVICE_FAMILY = "1,2";
				TEST_HOST = "$(BUILT_PRODUCTS_DIR)/Socket.app/$(BUNDLE_EXECUTABLE_FOLDER_PATH)/Socket";
			};
			name = Debug;
		};
		02B80F322CFC75CB00051B10 /* Release */ = {
			isa = XCBuildConfiguration;
			buildSettings = {
				ALWAYS_EMBED_SWIFT_STANDARD_LIBRARIES = YES;
				BUNDLE_LOADER = "$(TEST_HOST)";
				CODE_SIGN_STYLE = Automatic;
				CURRENT_PROJECT_VERSION = 1;
				GENERATE_INFOPLIST_FILE = YES;
				IPHONEOS_DEPLOYMENT_TARGET = 17.2;
				MARKETING_VERSION = 1.0;
				PRODUCT_BUNDLE_IDENTIFIER = kr.co.chacha.SocketTests;
				PRODUCT_NAME = "$(TARGET_NAME)";
				SWIFT_EMIT_LOC_STRINGS = NO;
				SWIFT_VERSION = 5.0;
				TARGETED_DEVICE_FAMILY = "1,2";
				TEST_HOST = "$(BUILT_PRODUCTS_DIR)/Socket.app/$(BUNDLE_EXECUTABLE_FOLDER_PATH)/Socket";
			};
			name = Release;
		};
		02B80F342CFC75CB00051B10 /* Debug */ = {
			isa = XCBuildConfiguration;
			buildSettings = {
				ALWAYS_EMBED_SWIFT_STANDARD_LIBRARIES = YES;
				CODE_SIGN_STYLE = Automatic;
				CURRENT_PROJECT_VERSION = 1;
				GENERATE_INFOPLIST_FILE = YES;
				MARKETING_VERSION = 1.0;
				PRODUCT_BUNDLE_IDENTIFIER = kr.co.chacha.SocketUITests;
				PRODUCT_NAME = "$(TARGET_NAME)";
				SWIFT_EMIT_LOC_STRINGS = NO;
				SWIFT_VERSION = 5.0;
				TARGETED_DEVICE_FAMILY = "1,2";
				TEST_TARGET_NAME = Socket;
			};
			name = Debug;
		};
		02B80F352CFC75CB00051B10 /* Release */ = {
			isa = XCBuildConfiguration;
			buildSettings = {
				ALWAYS_EMBED_SWIFT_STANDARD_LIBRARIES = YES;
				CODE_SIGN_STYLE = Automatic;
				CURRENT_PROJECT_VERSION = 1;
				GENERATE_INFOPLIST_FILE = YES;
				MARKETING_VERSION = 1.0;
				PRODUCT_BUNDLE_IDENTIFIER = kr.co.chacha.SocketUITests;
				PRODUCT_NAME = "$(TARGET_NAME)";
				SWIFT_EMIT_LOC_STRINGS = NO;
				SWIFT_VERSION = 5.0;
				TARGETED_DEVICE_FAMILY = "1,2";
				TEST_TARGET_NAME = Socket;
			};
			name = Release;
		};
/* End XCBuildConfiguration section */

/* Begin XCConfigurationList section */
		02B80F042CFC75C700051B10 /* Build configuration list for PBXProject "Socket" */ = {
			isa = XCConfigurationList;
			buildConfigurations = (
				02B80F2B2CFC75CB00051B10 /* Debug */,
				02B80F2C2CFC75CB00051B10 /* Release */,
			);
			defaultConfigurationIsVisible = 0;
			defaultConfigurationName = Release;
		};
		02B80F2D2CFC75CB00051B10 /* Build configuration list for PBXNativeTarget "Socket" */ = {
			isa = XCConfigurationList;
			buildConfigurations = (
				02B80F2E2CFC75CB00051B10 /* Debug */,
				02B80F2F2CFC75CB00051B10 /* Release */,
			);
			defaultConfigurationIsVisible = 0;
			defaultConfigurationName = Release;
		};
		02B80F302CFC75CB00051B10 /* Build configuration list for PBXNativeTarget "SocketTests" */ = {
			isa = XCConfigurationList;
			buildConfigurations = (
				02B80F312CFC75CB00051B10 /* Debug */,
				02B80F322CFC75CB00051B10 /* Release */,
			);
			defaultConfigurationIsVisible = 0;
			defaultConfigurationName = Release;
		};
		02B80F332CFC75CB00051B10 /* Build configuration list for PBXNativeTarget "SocketUITests" */ = {
			isa = XCConfigurationList;
			buildConfigurations = (
				02B80F342CFC75CB00051B10 /* Debug */,
				02B80F352CFC75CB00051B10 /* Release */,
			);
			defaultConfigurationIsVisible = 0;
			defaultConfigurationName = Release;
		};
/* End XCConfigurationList section */

/* Begin XCRemoteSwiftPackageReference section */
		02B80F362CFC76C200051B10 /* XCRemoteSwiftPackageReference "socket.io-client-swift" */ = {
			isa = XCRemoteSwiftPackageReference;
			repositoryURL = "https://github.com/socketio/socket.io-client-swift.git";
			requirement = {
				branch = master;
				kind = branch;
			};
		};
/* End XCRemoteSwiftPackageReference section */

/* Begin XCSwiftPackageProductDependency section */
		02B80F372CFC76C200051B10 /* SocketIO */ = {
			isa = XCSwiftPackageProductDependency;
			package = 02B80F362CFC76C200051B10 /* XCRemoteSwiftPackageReference "socket.io-client-swift" */;
			productName = SocketIO;
		};
/* End XCSwiftPackageProductDependency section */
	};
	rootObject = 02B80F012CFC75C700051B10 /* Project object */;
}
